
Microsoft Visual Studio Solution File, Format Version 12.00
# Visual Studio Version 16
VisualStudioVersion = 16.0.31313.79
MinimumVisualStudioVersion = 10.0.40219.1
Project("{9A19103F-16F7-4668-BE54-9A1E7A4F7556}") = "EmployeeManagement.Web", "EmployeeManagement.Web\EmployeeManagement.Web.csproj", "{4A20416E-5AE5-4527-B41F-ECCB8B2ED6BA}"
EndProject
Project("{9A19103F-16F7-4668-BE54-9A1E7A4F7556}") = "EmployeeManagement.Model", "EmployeeManagement.Model\EmployeeManagement.Model.csproj", "{10D9B88B-A889-4E8D-807A-700A69F6A5B7}"
EndProject
Project("{9A19103F-16F7-4668-BE54-9A1E7A4F7556}") = "EmployeeManagement.Api", "EmployeeManagement.Api\EmployeeManagement.Api.csproj", "{ED572610-DEF6-4281-8F2B-ABDC3082F398}"
EndProject
Project("{FAE04EC0-301F-11D3-BF4B-00C04F79EFBC}") = "NirmitLibrary1", "NirmitLibrary1\NirmitLibrary1.csproj", "{A813E8F4-36F4-41DF-AD71-B9911F30241C}"
EndProject
Global
	GlobalSection(SolutionConfigurationPlatforms) = preSolution
		Debug|Any CPU = Debug|Any CPU
		Release|Any CPU = Release|Any CPU
	EndGlobalSection
	GlobalSection(ProjectConfigurationPlatforms) = postSolution
		{4A20416E-5AE5-4527-B41F-ECCB8B2ED6BA}.Debug|Any CPU.ActiveCfg = Debug|Any CPU
		{4A20416E-5AE5-4527-B41F-ECCB8B2ED6BA}.Debug|Any CPU.Build.0 = Debug|Any CPU
		{4A20416E-5AE5-4527-B41F-ECCB8B2ED6BA}.Release|Any CPU.ActiveCfg = Release|Any CPU
		{4A20416E-5AE5-4527-B41F-ECCB8B2ED6BA}.Release|Any CPU.Build.0 = Release|Any CPU
		{10D9B88B-A889-4E8D-807A-700A69F6A5B7}.Debug|Any CPU.ActiveCfg = Debug|Any CPU
		{10D9B88B-A889-4E8D-807A-700A69F6A5B7}.Debug|Any CPU.Build.0 = Debug|Any CPU
		{10D9B88B-A889-4E8D-807A-700A69F6A5B7}.Release|Any CPU.ActiveCfg = Release|Any CPU
		{10D9B88B-A889-4E8D-807A-700A69F6A5B7}.Release|Any CPU.Build.0 = Release|Any CPU
		{ED572610-DEF6-4281-8F2B-ABDC3082F398}.Debug|Any CPU.ActiveCfg = Debug|Any CPU
		{ED572610-DEF6-4281-8F2B-ABDC3082F398}.Debug|Any CPU.Build.0 = Debug|Any CPU
		{ED572610-DEF6-4281-8F2B-ABDC3082F398}.Release|Any CPU.ActiveCfg = Release|Any CPU
		{ED572610-DEF6-4281-8F2B-ABDC3082F398}.Release|Any CPU.Build.0 = Release|Any CPU
		{A813E8F4-36F4-41DF-AD71-B9911F30241C}.Debug|Any CPU.ActiveCfg = Debug|Any CPU
		{A813E8F4-36F4-41DF-AD71-B9911F30241C}.Debug|Any CPU.Build.0 = Debug|Any CPU
		{A813E8F4-36F4-41DF-AD71-B9911F30241C}.Release|Any CPU.ActiveCfg = Release|Any CPU
		{A813E8F4-36F4-41DF-AD71-B9911F30241C}.Release|Any CPU.Build.0 = Release|Any CPU
	EndGlobalSection
	GlobalSection(SolutionProperties) = preSolution
		HideSolutionNode = FALSE
	EndGlobalSection
	GlobalSection(ExtensibilityGlobals) = postSolution
		SolutionGuid = {7E1AC0FE-8BAD-4482-82F8-2BEC5EE5D90E}
	EndGlobalSection
EndGlobal
